
Microsoft Visual Studio Solution File, Format Version 12.00
# Visual Studio 15
VisualStudioVersion = 15.0.28307.329
MinimumVisualStudioVersion = 10.0.40219.1
Project("{FAE04EC0-301F-11D3-BF4B-00C04F79EFBC}") = "cs481final.Android", "cs481final\cs481final.Android\cs481final.Android.csproj", "{338481C2-59B1-4ADF-B07D-F2D6BAB68C47}"
EndProject
Project("{FAE04EC0-301F-11D3-BF4B-00C04F79EFBC}") = "cs481final.iOS", "cs481final\cs481final.iOS\cs481final.iOS.csproj", "{404799E6-354F-416F-BF40-548E596DD564}"
EndProject
Project("{FAE04EC0-301F-11D3-BF4B-00C04F79EFBC}") = "cs481final", "cs481final\cs481final\cs481final.csproj", "{C88F8F8F-6546-48B0-B05C-D573E66A33C5}"
EndProject
Global
	GlobalSection(SolutionConfigurationPlatforms) = preSolution
		Ad-Hoc|Any CPU = Ad-Hoc|Any CPU
		Ad-Hoc|iPhone = Ad-Hoc|iPhone
		Ad-Hoc|iPhoneSimulator = Ad-Hoc|iPhoneSimulator
		AppStore|Any CPU = AppStore|Any CPU
		AppStore|iPhone = AppStore|iPhone
		AppStore|iPhoneSimulator = AppStore|iPhoneSimulator
		Debug|Any CPU = Debug|Any CPU
		Debug|iPhone = Debug|iPhone
		Debug|iPhoneSimulator = Debug|iPhoneSimulator
		Release|Any CPU = Release|Any CPU
		Release|iPhone = Release|iPhone
		Release|iPhoneSimulator = Release|iPhoneSimulator
	EndGlobalSection
	GlobalSection(ProjectConfigurationPlatforms) = postSolution
		{338481C2-59B1-4ADF-B07D-F2D6BAB68C47}.Ad-Hoc|Any CPU.ActiveCfg = Release|Any CPU
		{338481C2-59B1-4ADF-B07D-F2D6BAB68C47}.Ad-Hoc|Any CPU.Build.0 = Release|Any CPU
		{338481C2-59B1-4ADF-B07D-F2D6BAB68C47}.Ad-Hoc|Any CPU.Deploy.0 = Release|Any CPU
		{338481C2-59B1-4ADF-B07D-F2D6BAB68C47}.Ad-Hoc|iPhone.ActiveCfg = Release|Any CPU
		{338481C2-59B1-4ADF-B07D-F2D6BAB68C47}.Ad-Hoc|iPhone.Build.0 = Release|Any CPU
		{338481C2-59B1-4ADF-B07D-F2D6BAB68C47}.Ad-Hoc|iPhone.Deploy.0 = Release|Any CPU
		{338481C2-59B1-4ADF-B07D-F2D6BAB68C47}.Ad-Hoc|iPhoneSimulator.ActiveCfg = Release|Any CPU
		{338481C2-59B1-4ADF-B07D-F2D6BAB68C47}.Ad-Hoc|iPhoneSimulator.Build.0 = Release|Any CPU
		{338481C2-59B1-4ADF-B07D-F2D6BAB68C47}.Ad-Hoc|iPhoneSimulator.Deploy.0 = Release|Any CPU
		{338481C2-59B1-4ADF-B07D-F2D6BAB68C47}.AppStore|Any CPU.ActiveCfg = Release|Any CPU
		{338481C2-59B1-4ADF-B07D-F2D6BAB68C47}.AppStore|Any CPU.Build.0 = Release|Any CPU
		{338481C2-59B1-4ADF-B07D-F2D6BAB68C47}.AppStore|Any CPU.Deploy.0 = Release|Any CPU
		{338481C2-59B1-4ADF-B07D-F2D6BAB68C47}.AppStore|iPhone.ActiveCfg = Release|Any CPU
		{338481C2-59B1-4ADF-B07D-F2D6BAB68C47}.AppStore|iPhone.Build.0 = Release|Any CPU
		{338481C2-59B1-4ADF-B07D-F2D6BAB68C47}.AppStore|iPhone.Deploy.0 = Release|Any CPU
		{338481C2-59B1-4ADF-B07D-F2D6BAB68C47}.AppStore|iPhoneSimulator.ActiveCfg = Release|Any CPU
		{338481C2-59B1-4ADF-B07D-F2D6BAB68C47}.AppStore|iPhoneSimulator.Build.0 = Release|Any CPU
		{338481C2-59B1-4ADF-B07D-F2D6BAB68C47}.AppStore|iPhoneSimulator.Deploy.0 = Release|Any CPU
		{338481C2-59B1-4ADF-B07D-F2D6BAB68C47}.Debug|Any CPU.ActiveCfg = Debug|Any CPU
		{338481C2-59B1-4ADF-B07D-F2D6BAB68C47}.Debug|Any CPU.Build.0 = Debug|Any CPU
		{338481C2-59B1-4ADF-B07D-F2D6BAB68C47}.Debug|Any CPU.Deploy.0 = Debug|Any CPU
		{338481C2-59B1-4ADF-B07D-F2D6BAB68C47}.Debug|iPhone.ActiveCfg = Debug|Any CPU
		{338481C2-59B1-4ADF-B07D-F2D6BAB68C47}.Debug|iPhone.Build.0 = Debug|Any CPU
		{338481C2-59B1-4ADF-B07D-F2D6BAB68C47}.Debug|iPhone.Deploy.0 = Debug|Any CPU
		{338481C2-59B1-4ADF-B07D-F2D6BAB68C47}.Debug|iPhoneSimulator.ActiveCfg = Debug|Any CPU
		{338481C2-59B1-4ADF-B07D-F2D6BAB68C47}.Debug|iPhoneSimulator.Build.0 = Debug|Any CPU
		{338481C2-59B1-4ADF-B07D-F2D6BAB68C47}.Debug|iPhoneSimulator.Deploy.0 = Debug|Any CPU
		{338481C2-59B1-4ADF-B07D-F2D6BAB68C47}.Release|Any CPU.ActiveCfg = Release|Any CPU
		{338481C2-59B1-4ADF-B07D-F2D6BAB68C47}.Release|Any CPU.Build.0 = Release|Any CPU
		{338481C2-59B1-4ADF-B07D-F2D6BAB68C47}.Release|Any CPU.Deploy.0 = Release|Any CPU
		{338481C2-59B1-4ADF-B07D-F2D6BAB68C47}.Release|iPhone.ActiveCfg = Release|Any CPU
		{338481C2-59B1-4ADF-B07D-F2D6BAB68C47}.Release|iPhone.Build.0 = Release|Any CPU
		{338481C2-59B1-4ADF-B07D-F2D6BAB68C47}.Release|iPhone.Deploy.0 = Release|Any CPU
		{338481C2-59B1-4ADF-B07D-F2D6BAB68C47}.Release|iPhoneSimulator.ActiveCfg = Release|Any CPU
		{338481C2-59B1-4ADF-B07D-F2D6BAB68C47}.Release|iPhoneSimulator.Build.0 = Release|Any CPU
		{338481C2-59B1-4ADF-B07D-F2D6BAB68C47}.Release|iPhoneSimulator.Deploy.0 = Release|Any CPU
		{404799E6-354F-416F-BF40-548E596DD564}.Ad-Hoc|Any CPU.ActiveCfg = Ad-Hoc|iPhone
		{404799E6-354F-416F-BF40-548E596DD564}.Ad-Hoc|Any CPU.Build.0 = Ad-Hoc|iPhone
		{404799E6-354F-416F-BF40-548E596DD564}.Ad-Hoc|Any CPU.Deploy.0 = Ad-Hoc|iPhone
		{404799E6-354F-416F-BF40-548E596DD564}.Ad-Hoc|iPhone.ActiveCfg = Ad-Hoc|iPhone
		{404799E6-354F-416F-BF40-548E596DD564}.Ad-Hoc|iPhone.Build.0 = Ad-Hoc|iPhone
		{404799E6-354F-416F-BF40-548E596DD564}.Ad-Hoc|iPhone.Deploy.0 = Ad-Hoc|iPhone
		{404799E6-354F-416F-BF40-548E596DD564}.Ad-Hoc|iPhoneSimulator.ActiveCfg = Ad-Hoc|iPhoneSimulator
		{404799E6-354F-416F-BF40-548E596DD564}.Ad-Hoc|iPhoneSimulator.Build.0 = Ad-Hoc|iPhoneSimulator
		{404799E6-354F-416F-BF40-548E596DD564}.Ad-Hoc|iPhoneSimulator.Deploy.0 = Ad-Hoc|iPhoneSimulator
		{404799E6-354F-416F-BF40-548E596DD564}.AppStore|Any CPU.ActiveCfg = AppStore|iPhone
		{404799E6-354F-416F-BF40-548E596DD564}.AppStore|Any CPU.Build.0 = AppStore|iPhone
		{404799E6-354F-416F-BF40-548E596DD564}.AppStore|Any CPU.Deploy.0 = AppStore|iPhone
		{404799E6-354F-416F-BF40-548E596DD564}.AppStore|iPhone.ActiveCfg = AppStore|iPhone
		{404799E6-354F-416F-BF40-548E596DD564}.AppStore|iPhone.Build.0 = AppStore|iPhone
		{404799E6-354F-416F-BF40-548E596DD564}.AppStore|iPhone.Deploy.0 = AppStore|iPhone
		{404799E6-354F-416F-BF40-548E596DD564}.AppStore|iPhoneSimulator.ActiveCfg = AppStore|iPhoneSimulator
		{404799E6-354F-416F-BF40-548E596DD564}.AppStore|iPhoneSimulator.Build.0 = AppStore|iPhoneSimulator
		{404799E6-354F-416F-BF40-548E596DD564}.AppStore|iPhoneSimulator.Deploy.0 = AppStore|iPhoneSimulator
		{404799E6-354F-416F-BF40-548E596DD564}.Debug|Any CPU.ActiveCfg = Debug|iPhoneSimulator
		{404799E6-354F-416F-BF40-548E596DD564}.Debug|Any CPU.Build.0 = Debug|iPhoneSimulator
		{404799E6-354F-416F-BF40-548E596DD564}.Debug|Any CPU.Deploy.0 = Debug|iPhoneSimulator
		{404799E6-354F-416F-BF40-548E596DD564}.Debug|iPhone.ActiveCfg = Debug|iPhone
		{404799E6-354F-416F-BF40-548E596DD564}.Debug|iPhone.Build.0 = Debug|iPhone
		{404799E6-354F-416F-BF40-548E596DD564}.Debug|iPhone.Deploy.0 = Debug|iPhone
		{404799E6-354F-416F-BF40-548E596DD564}.Debug|iPhoneSimulator.ActiveCfg = Debug|iPhoneSimulator
		{404799E6-354F-416F-BF40-548E596DD564}.Debug|iPhoneSimulator.Build.0 = Debug|iPhoneSimulator
		{404799E6-354F-416F-BF40-548E596DD564}.Debug|iPhoneSimulator.Deploy.0 = Debug|iPhoneSimulator
		{404799E6-354F-416F-BF40-548E596DD564}.Release|Any CPU.ActiveCfg = Release|iPhone
		{404799E6-354F-416F-BF40-548E596DD564}.Release|Any CPU.Build.0 = Release|iPhone
		{404799E6-354F-416F-BF40-548E596DD564}.Release|Any CPU.Deploy.0 = Release|iPhone
		{404799E6-354F-416F-BF40-548E596DD564}.Release|iPhone.ActiveCfg = Release|iPhone
		{404799E6-354F-416F-BF40-548E596DD564}.Release|iPhone.Build.0 = Release|iPhone
		{404799E6-354F-416F-BF40-548E596DD564}.Release|iPhone.Deploy.0 = Release|iPhone
		{404799E6-354F-416F-BF40-548E596DD564}.Release|iPhoneSimulator.ActiveCfg = Release|iPhoneSimulator
		{404799E6-354F-416F-BF40-548E596DD564}.Release|iPhoneSimulator.Build.0 = Release|iPhoneSimulator
		{404799E6-354F-416F-BF40-548E596DD564}.Release|iPhoneSimulator.Deploy.0 = Release|iPhoneSimulator
		{C88F8F8F-6546-48B0-B05C-D573E66A33C5}.Ad-Hoc|Any CPU.ActiveCfg = Debug|Any CPU
		{C88F8F8F-6546-48B0-B05C-D573E66A33C5}.Ad-Hoc|Any CPU.Build.0 = Debug|Any CPU
		{C88F8F8F-6546-48B0-B05C-D573E66A33C5}.Ad-Hoc|Any CPU.Deploy.0 = Debug|Any CPU
		{C88F8F8F-6546-48B0-B05C-D573E66A33C5}.Ad-Hoc|iPhone.ActiveCfg = Debug|Any CPU
		{C88F8F8F-6546-48B0-B05C-D573E66A33C5}.Ad-Hoc|iPhone.Build.0 = Debug|Any CPU
		{C88F8F8F-6546-48B0-B05C-D573E66A33C5}.Ad-Hoc|iPhone.Deploy.0 = Debug|Any CPU
		{C88F8F8F-6546-48B0-B05C-D573E66A33C5}.Ad-Hoc|iPhoneSimulator.ActiveCfg = Debug|Any CPU
		{C88F8F8F-6546-48B0-B05C-D573E66A33C5}.Ad-Hoc|iPhoneSimulator.Build.0 = Debug|Any CPU
		{C88F8F8F-6546-48B0-B05C-D573E66A33C5}.Ad-Hoc|iPhoneSimulator.Deploy.0 = Debug|Any CPU
		{C88F8F8F-6546-48B0-B05C-D573E66A33C5}.AppStore|Any CPU.ActiveCfg = Debug|Any CPU
		{C88F8F8F-6546-48B0-B05C-D573E66A33C5}.AppStore|Any CPU.Build.0 = Debug|Any CPU
		{C88F8F8F-6546-48B0-B05C-D573E66A33C5}.AppStore|Any CPU.Deploy.0 = Debug|Any CPU
		{C88F8F8F-6546-48B0-B05C-D573E66A33C5}.AppStore|iPhone.ActiveCfg = Debug|Any CPU
		{C88F8F8F-6546-48B0-B05C-D573E66A33C5}.AppStore|iPhone.Build.0 = Debug|Any CPU
		{C88F8F8F-6546-48B0-B05C-D573E66A33C5}.AppStore|iPhone.Deploy.0 = Debug|Any CPU
		{C88F8F8F-6546-48B0-B05C-D573E66A33C5}.AppStore|iPhoneSimulator.ActiveCfg = Debug|Any CPU
		{C88F8F8F-6546-48B0-B05C-D573E66A33C5}.AppStore|iPhoneSimulator.Build.0 = Debug|Any CPU
		{C88F8F8F-6546-48B0-B05C-D573E66A33C5}.AppStore|iPhoneSimulator.Deploy.0 = Debug|Any CPU
		{C88F8F8F-6546-48B0-B05C-D573E66A33C5}.Debug|Any CPU.ActiveCfg = Debug|Any CPU
		{C88F8F8F-6546-48B0-B05C-D573E66A33C5}.Debug|Any CPU.Build.0 = Debug|Any CPU
		{C88F8F8F-6546-48B0-B05C-D573E66A33C5}.Debug|Any CPU.Deploy.0 = Debug|Any CPU
		{C88F8F8F-6546-48B0-B05C-D573E66A33C5}.Debug|iPhone.ActiveCfg = Debug|Any CPU
		{C88F8F8F-6546-48B0-B05C-D573E66A33C5}.Debug|iPhone.Build.0 = Debug|Any CPU
		{C88F8F8F-6546-48B0-B05C-D573E66A33C5}.Debug|iPhone.Deploy.0 = Debug|Any CPU
		{C88F8F8F-6546-48B0-B05C-D573E66A33C5}.Debug|iPhoneSimulator.ActiveCfg = Debug|Any CPU
		{C88F8F8F-6546-48B0-B05C-D573E66A33C5}.Debug|iPhoneSimulator.Build.0 = Debug|Any CPU
		{C88F8F8F-6546-48B0-B05C-D573E66A33C5}.Debug|iPhoneSimulator.Deploy.0 = Debug|Any CPU
		{C88F8F8F-6546-48B0-B05C-D573E66A33C5}.Release|Any CPU.ActiveCfg = Release|Any CPU
		{C88F8F8F-6546-48B0-B05C-D573E66A33C5}.Release|Any CPU.Build.0 = Release|Any CPU
		{C88F8F8F-6546-48B0-B05C-D573E66A33C5}.Release|Any CPU.Deploy.0 = Release|Any CPU
		{C88F8F8F-6546-48B0-B05C-D573E66A33C5}.Release|iPhone.ActiveCfg = Release|Any CPU
		{C88F8F8F-6546-48B0-B05C-D573E66A33C5}.Release|iPhone.Build.0 = Release|Any CPU
		{C88F8F8F-6546-48B0-B05C-D573E66A33C5}.Release|iPhone.Deploy.0 = Release|Any CPU
		{C88F8F8F-6546-48B0-B05C-D573E66A33C5}.Release|iPhoneSimulator.ActiveCfg = Release|Any CPU
		{C88F8F8F-6546-48B0-B05C-D573E66A33C5}.Release|iPhoneSimulator.Build.0 = Release|Any CPU
		{C88F8F8F-6546-48B0-B05C-D573E66A33C5}.Release|iPhoneSimulator.Deploy.0 = Release|Any CPU
	EndGlobalSection
	GlobalSection(SolutionProperties) = preSolution
		HideSolutionNode = FALSE
	EndGlobalSection
	GlobalSection(ExtensibilityGlobals) = postSolution
		SolutionGuid = {5C66E235-9679-4224-911E-3489A8D89CE9}
	EndGlobalSection
EndGlobal
